
Microsoft Visual Studio Solution File, Format Version 12.00
# Visual Studio 15
VisualStudioVersion = 15.0.28307.168
MinimumVisualStudioVersion = 10.0.40219.1
Project("{9A19103F-16F7-4668-BE54-9A1E7A4F7556}") = "Doitsu.Service.Core", "Doitsu.Service.Core.csproj", "{72DF3E7C-C386-4561-9C0E-FA4A9D1ED10B}"
EndProject
Project("{9A19103F-16F7-4668-BE54-9A1E7A4F7556}") = "Doitsu.Utils", "..\Doitsu.Utils\Doitsu.Utils.csproj", "{7F25A26B-336B-431D-AB9C-FFE0108D0474}"
EndProject
Global
	GlobalSection(SolutionConfigurationPlatforms) = preSolution
		Debug|Any CPU = Debug|Any CPU
		Release|Any CPU = Release|Any CPU
	EndGlobalSection
	GlobalSection(ProjectConfigurationPlatforms) = postSolution
		{72DF3E7C-C386-4561-9C0E-FA4A9D1ED10B}.Debug|Any CPU.ActiveCfg = Debug|Any CPU
		{72DF3E7C-C386-4561-9C0E-FA4A9D1ED10B}.Debug|Any CPU.Build.0 = Debug|Any CPU
		{72DF3E7C-C386-4561-9C0E-FA4A9D1ED10B}.Release|Any CPU.ActiveCfg = Release|Any CPU
		{72DF3E7C-C386-4561-9C0E-FA4A9D1ED10B}.Release|Any CPU.Build.0 = Release|Any CPU
		{7F25A26B-336B-431D-AB9C-FFE0108D0474}.Debug|Any CPU.ActiveCfg = Debug|Any CPU
		{7F25A26B-336B-431D-AB9C-FFE0108D0474}.Debug|Any CPU.Build.0 = Debug|Any CPU
		{7F25A26B-336B-431D-AB9C-FFE0108D0474}.Release|Any CPU.ActiveCfg = Release|Any CPU
		{7F25A26B-336B-431D-AB9C-FFE0108D0474}.Release|Any CPU.Build.0 = Release|Any CPU
	EndGlobalSection
	GlobalSection(SolutionProperties) = preSolution
		HideSolutionNode = FALSE
	EndGlobalSection
	GlobalSection(ExtensibilityGlobals) = postSolution
		SolutionGuid = {1D5F800D-EB84-4E2F-841B-6FAEE8BC7DB0}
	EndGlobalSection
EndGlobal
