
Microsoft Visual Studio Solution File, Format Version 12.00
# Visual Studio 15
VisualStudioVersion = 15.0.28307.168
MinimumVisualStudioVersion = 10.0.40219.1
Project("{9A19103F-16F7-4668-BE54-9A1E7A4F7556}") = "PeaGreen", "PeaGreen\PeaGreen.csproj", "{9B8CACCF-C7CA-40F0-B6B5-D5BD6D31CF3C}"
EndProject
Project("{9A19103F-16F7-4668-BE54-9A1E7A4F7556}") = "DataCore", "DataCore\DataCore.csproj", "{BDBF7567-3E85-43E8-81D8-F03335AD79CA}"
EndProject
Project("{00D1A9C2-B5F0-4AF3-8072-F6C62B433612}") = "LocalDB", "LocalDB\LocalDB.sqlproj", "{97AF318D-7AF4-449C-B527-F66B7F27AC65}"
EndProject
Global
	GlobalSection(SolutionConfigurationPlatforms) = preSolution
		Debug|Any CPU = Debug|Any CPU
		Release|Any CPU = Release|Any CPU
	EndGlobalSection
	GlobalSection(ProjectConfigurationPlatforms) = postSolution
		{9B8CACCF-C7CA-40F0-B6B5-D5BD6D31CF3C}.Debug|Any CPU.ActiveCfg = Debug|Any CPU
		{9B8CACCF-C7CA-40F0-B6B5-D5BD6D31CF3C}.Debug|Any CPU.Build.0 = Debug|Any CPU
		{9B8CACCF-C7CA-40F0-B6B5-D5BD6D31CF3C}.Release|Any CPU.ActiveCfg = Release|Any CPU
		{9B8CACCF-C7CA-40F0-B6B5-D5BD6D31CF3C}.Release|Any CPU.Build.0 = Release|Any CPU
		{BDBF7567-3E85-43E8-81D8-F03335AD79CA}.Debug|Any CPU.ActiveCfg = Debug|Any CPU
		{BDBF7567-3E85-43E8-81D8-F03335AD79CA}.Debug|Any CPU.Build.0 = Debug|Any CPU
		{BDBF7567-3E85-43E8-81D8-F03335AD79CA}.Release|Any CPU.ActiveCfg = Release|Any CPU
		{BDBF7567-3E85-43E8-81D8-F03335AD79CA}.Release|Any CPU.Build.0 = Release|Any CPU
		{97AF318D-7AF4-449C-B527-F66B7F27AC65}.Debug|Any CPU.ActiveCfg = Debug|Any CPU
		{97AF318D-7AF4-449C-B527-F66B7F27AC65}.Debug|Any CPU.Build.0 = Debug|Any CPU
		{97AF318D-7AF4-449C-B527-F66B7F27AC65}.Debug|Any CPU.Deploy.0 = Debug|Any CPU
		{97AF318D-7AF4-449C-B527-F66B7F27AC65}.Release|Any CPU.ActiveCfg = Release|Any CPU
		{97AF318D-7AF4-449C-B527-F66B7F27AC65}.Release|Any CPU.Build.0 = Release|Any CPU
		{97AF318D-7AF4-449C-B527-F66B7F27AC65}.Release|Any CPU.Deploy.0 = Release|Any CPU
	EndGlobalSection
	GlobalSection(SolutionProperties) = preSolution
		HideSolutionNode = FALSE
	EndGlobalSection
	GlobalSection(ExtensibilityGlobals) = postSolution
		SolutionGuid = {C39CAD2C-A615-42D1-83C0-D8A2A2531F9E}
	EndGlobalSection
EndGlobal
